
Microsoft Visual Studio Solution File, Format Version 12.00
# Visual Studio Version 17
VisualStudioVersion = 17.4.33205.214
MinimumVisualStudioVersion = 10.0.40219.1
Project("{FAE04EC0-301F-11D3-BF4B-00C04F79EFBC}") = "HousematesManagement", "HousematesManagement.csproj", "{26FAE048-5774-46E8-8D8B-84F14B97827A}"
EndProject
Project("{FAE04EC0-301F-11D3-BF4B-00C04F79EFBC}") = "Entity", "..\Entity\Entity.csproj", "{75967C51-4C91-41F4-9794-E052EC28FDF5}"
EndProject
Global
	GlobalSection(SolutionConfigurationPlatforms) = preSolution
		Debug|Any CPU = Debug|Any CPU
		Release|Any CPU = Release|Any CPU
	EndGlobalSection
	GlobalSection(ProjectConfigurationPlatforms) = postSolution
		{26FAE048-5774-46E8-8D8B-84F14B97827A}.Debug|Any CPU.ActiveCfg = Debug|Any CPU
		{26FAE048-5774-46E8-8D8B-84F14B97827A}.Debug|Any CPU.Build.0 = Debug|Any CPU
		{26FAE048-5774-46E8-8D8B-84F14B97827A}.Release|Any CPU.ActiveCfg = Release|Any CPU
		{26FAE048-5774-46E8-8D8B-84F14B97827A}.Release|Any CPU.Build.0 = Release|Any CPU
		{75967C51-4C91-41F4-9794-E052EC28FDF5}.Debug|Any CPU.ActiveCfg = Debug|Any CPU
		{75967C51-4C91-41F4-9794-E052EC28FDF5}.Debug|Any CPU.Build.0 = Debug|Any CPU
		{75967C51-4C91-41F4-9794-E052EC28FDF5}.Release|Any CPU.ActiveCfg = Release|Any CPU
		{75967C51-4C91-41F4-9794-E052EC28FDF5}.Release|Any CPU.Build.0 = Release|Any CPU
	EndGlobalSection
	GlobalSection(SolutionProperties) = preSolution
		HideSolutionNode = FALSE
	EndGlobalSection
	GlobalSection(ExtensibilityGlobals) = postSolution
		SolutionGuid = {A14FF991-353B-4505-87F8-EBC9BCF4A9C9}
	EndGlobalSection
EndGlobal
